{
  "https://cdn.signalfx.com/o11y-gdi-rum/session-replay/v2.9.4/background-service.html": { "integrity": "sha512-9SpXo+pJpbkkD5ReGrnaWFd7/ALNv9TLAWtYN8Bu6bld/NBfGh/MRwtZ8+Cq7bBWunGMfXVSJXi0Wwb9KN9RNg==", "contentType": "text/html" },
  "https://cdn.signalfx.com/o11y-gdi-rum/session-replay/v2.9.4/session-replay.module.legacy.min.js": { "integrity": "sha512-B8DyMiMNkVJ3ZvVMYQPXPtyaTGnMDR2PFNgk49qUSuis/s848TajXvtRXqCXRCSdaSHLo8Qqa+a+Lpktj9eIFw==", "contentType": "text/javascript" },
  "version": 1
}
