{
  "https://cdn.signalfx.com/o11y-gdi-rum/session-replay/v2.12.0/background-service.html": { "integrity": "sha512-18/4Z1xbOTidUTTdPfs+AxhvDaby5WuRX8jGyoEng9TLfh1e14bA3/Gck3+5F39ey+HExWPg77HsjiZ7sijM+w==", "contentType": "text/html" },
  "https://cdn.signalfx.com/o11y-gdi-rum/session-replay/v2.12.0/session-replay.module.legacy.min.js": { "integrity": "sha512-/WXR/U62nFST/rLyUB32+vYbkzFJzf5P79SSSAEa5X6/uZTCkZayXQif71tOvwNJoxfnXVRgDByDpHy16hOCjA==", "contentType": "text/javascript" },
  "version": 1
}
